
Microsoft Visual Studio Solution File, Format Version 12.00
# Visual Studio 14
VisualStudioVersion = 14.0.25123.0
MinimumVisualStudioVersion = 10.0.40219.1
Project("{FAE04EC0-301F-11D3-BF4B-00C04F79EFBC}") = "Aspnet.Webform.CASClient.Sample", "Aspnet Webform CASClient Sample\Aspnet.Webform.CASClient.Sample.csproj", "{1960B6E3-049F-4D60-B033-1B8EEDD5FCBB}"
EndProject
Global
	GlobalSection(SolutionConfigurationPlatforms) = preSolution
		Debug|Any CPU = Debug|Any CPU
		Release|Any CPU = Release|Any CPU
	EndGlobalSection
	GlobalSection(ProjectConfigurationPlatforms) = postSolution
		{1960B6E3-049F-4D60-B033-1B8EEDD5FCBB}.Debug|Any CPU.ActiveCfg = Debug|Any CPU
		{1960B6E3-049F-4D60-B033-1B8EEDD5FCBB}.Debug|Any CPU.Build.0 = Debug|Any CPU
		{1960B6E3-049F-4D60-B033-1B8EEDD5FCBB}.Release|Any CPU.ActiveCfg = Release|Any CPU
		{1960B6E3-049F-4D60-B033-1B8EEDD5FCBB}.Release|Any CPU.Build.0 = Release|Any CPU
	EndGlobalSection
	GlobalSection(SolutionProperties) = preSolution
		HideSolutionNode = FALSE
	EndGlobalSection
	GlobalSection(CodealikeProperties) = postSolution
		SolutionGuid = d938e386-7f87-4d44-89fc-51440ea45581
	EndGlobalSection
EndGlobal
